{
  "name": "miniprogram",
  "version": "1.0.0",
  "lockfileVersion": 1,
  "requires": true,
  "dependencies": {
    "@vant/weapp": {
      "version": "1.6.2",
      "resolved": "https://registry.npmjs.org/@vant/weapp/-/weapp-1.6.2.tgz",
      "integrity": "sha512-BFzrUFGUfnIoA0ZKWrATSZvGI4/E2eDqpjSIL9fYm6ExtLXhDsiennJltESph0aMGPIDn6ziHgCvNAD+GRnqoQ=="
    },
    "vant-weapp": {
      "version": "0.5.28",
      "resolved": "https://registry.npmjs.org/vant-weapp/-/vant-weapp-0.5.28.tgz",
      "integrity": "sha512-GAJ2PTLuhXHWpAD5B7DdRQdkEFMdjdduuMzKkThUjIiQ63ESnaJvIEUbW3RgiUNNV7PYXwhOFOd6woR/JsTFLA=="
    }
  }
}
